// !$*UTF8*$!
{
	archiveVersion = 1;
	classes = {
	};
	objectVersion = 56;
	objects = {

/* Begin PBXBuildFile section */
		FB0FC7E52BEF1657007E4EB9 /* OllamaSpringApp.swift in Sources */ = {isa = PBXBuildFile; fileRef = FB0FC7E42BEF1657007E4EB9 /* OllamaSpringApp.swift */; };
		FB0FC7E92BEF165A007E4EB9 /* Assets.xcassets in Resources */ = {isa = PBXBuildFile; fileRef = FB0FC7E82BEF165A007E4EB9 /* Assets.xcassets */; };
		FB0FC7EC2BEF165A007E4EB9 /* Preview Assets.xcassets in Resources */ = {isa = PBXBuildFile; fileRef = FB0FC7EB2BEF165A007E4EB9 /* Preview Assets.xcassets */; };
		FB0FC7F72BEF165A007E4EB9 /* OllamaSpringTests.swift in Sources */ = {isa = PBXBuildFile; fileRef = FB0FC7F62BEF165A007E4EB9 /* OllamaSpringTests.swift */; };
		FB0FC8012BEF165A007E4EB9 /* OllamaSpringUITests.swift in Sources */ = {isa = PBXBuildFile; fileRef = FB0FC8002BEF165A007E4EB9 /* OllamaSpringUITests.swift */; };
		FB0FC8032BEF165A007E4EB9 /* OllamaSpringUITestsLaunchTests.swift in Sources */ = {isa = PBXBuildFile; fileRef = FB0FC8022BEF165A007E4EB9 /* OllamaSpringUITestsLaunchTests.swift */; };
		FB0FC8122BEF487F007E4EB9 /* MainPanelView.swift in Sources */ = {isa = PBXBuildFile; fileRef = FB0FC8112BEF487F007E4EB9 /* MainPanelView.swift */; };
		FB2FB9F92C06197C00621595 /* Sparkle in Frameworks */ = {isa = PBXBuildFile; productRef = FB2FB9F82C06197C00621595 /* Sparkle */; };
		FB2FB9FB2C0619F900621595 /* CheckForUpdatesViewModel.swift in Sources */ = {isa = PBXBuildFile; fileRef = FB2FB9FA2C0619F900621595 /* CheckForUpdatesViewModel.swift */; };
		FB2FB9FD2C061B1300621595 /* CheckForUpdatesView.swift in Sources */ = {isa = PBXBuildFile; fileRef = FB2FB9FC2C061B1300621595 /* CheckForUpdatesView.swift */; };
		FB65CFDF2BF7238700E1EA88 /* OllamaModel.swift in Sources */ = {isa = PBXBuildFile; fileRef = FB65CFDE2BF7238700E1EA88 /* OllamaModel.swift */; };
		FB65CFE12BF7241000E1EA88 /* Constant.swift in Sources */ = {isa = PBXBuildFile; fileRef = FB65CFE02BF7241000E1EA88 /* Constant.swift */; };
		FB65CFE32BF7A83F00E1EA88 /* common.swift in Sources */ = {isa = PBXBuildFile; fileRef = FB65CFE22BF7A83F00E1EA88 /* common.swift */; };
		FB65CFE52BF82AAB00E1EA88 /* OllamaDownloadViewModel.swift in Sources */ = {isa = PBXBuildFile; fileRef = FB65CFE42BF82AAB00E1EA88 /* OllamaDownloadViewModel.swift */; };
		FB65CFE72BF8798C00E1EA88 /* OllamaLocalModelListRowView.swift in Sources */ = {isa = PBXBuildFile; fileRef = FB65CFE62BF8798C00E1EA88 /* OllamaLocalModelListRowView.swift */; };
		FB65CFEA2BF9851900E1EA88 /* ConfirmModalView.swift in Sources */ = {isa = PBXBuildFile; fileRef = FB65CFE92BF9851900E1EA88 /* ConfirmModalView.swift */; };
		FB68CEB52D32035A00C5A495 /* OllamaSpringModelsApi.swift in Sources */ = {isa = PBXBuildFile; fileRef = FB68CEB42D32035A00C5A495 /* OllamaSpringModelsApi.swift */; };
		FB9871692C198F3F000A4808 /* OptionsModel.swift in Sources */ = {isa = PBXBuildFile; fileRef = FB9871682C198F3F000A4808 /* OptionsModel.swift */; };
		FB98716D2C1C47BF000A4808 /* AppDelegate.swift in Sources */ = {isa = PBXBuildFile; fileRef = FB98716C2C1C47BF000A4808 /* AppDelegate.swift */; };
		FB98716F2C1C4A8F000A4808 /* StatusBarView.swift in Sources */ = {isa = PBXBuildFile; fileRef = FB98716E2C1C4A8F000A4808 /* StatusBarView.swift */; };
		FB9871712C280CD0000A4808 /* QuickCompletionPanelView.swift in Sources */ = {isa = PBXBuildFile; fileRef = FB9871702C280CD0000A4808 /* QuickCompletionPanelView.swift */; };
		FB9871742C281814000A4808 /* extension.swift in Sources */ = {isa = PBXBuildFile; fileRef = FB9871732C281814000A4808 /* extension.swift */; };
		FB9871762C281881000A4808 /* custom.swift in Sources */ = {isa = PBXBuildFile; fileRef = FB9871752C281881000A4808 /* custom.swift */; };
		FB9871782C293877000A4808 /* QuickCompletionViewModel.swift in Sources */ = {isa = PBXBuildFile; fileRef = FB9871772C293877000A4808 /* QuickCompletionViewModel.swift */; };
		FBA45BC42BF0D6E5007E0935 /* WelcomePanelView.swift in Sources */ = {isa = PBXBuildFile; fileRef = FBA45BC32BF0D6E5007E0935 /* WelcomePanelView.swift */; };
		FBA45BC72BF19115007E0935 /* ChatModel.swift in Sources */ = {isa = PBXBuildFile; fileRef = FBA45BC62BF19115007E0935 /* ChatModel.swift */; };
		FBA45BCB2BF196D0007E0935 /* ChatListRowView.swift in Sources */ = {isa = PBXBuildFile; fileRef = FBA45BCA2BF196D0007E0935 /* ChatListRowView.swift */; };
		FBA45BCD2BF1AB14007E0935 /* MessagesPanelView.swift in Sources */ = {isa = PBXBuildFile; fileRef = FBA45BCC2BF1AB14007E0935 /* MessagesPanelView.swift */; };
		FBA45BCF2BF1AC51007E0935 /* MessageModel.swift in Sources */ = {isa = PBXBuildFile; fileRef = FBA45BCE2BF1AC51007E0935 /* MessageModel.swift */; };
		FBA45BD12BF1C2B5007E0935 /* MessagesRowView.swift in Sources */ = {isa = PBXBuildFile; fileRef = FBA45BD02BF1C2B5007E0935 /* MessagesRowView.swift */; };
		FBA45BD32BF20258007E0935 /* ChatListPanelView.swift in Sources */ = {isa = PBXBuildFile; fileRef = FBA45BD22BF20258007E0935 /* ChatListPanelView.swift */; };
		FBA45BD62BF20B48007E0935 /* OllamaApi.swift in Sources */ = {isa = PBXBuildFile; fileRef = FBA45BD52BF20B48007E0935 /* OllamaApi.swift */; };
		FBA45BD92BF21240007E0935 /* SwiftyJSON in Frameworks */ = {isa = PBXBuildFile; productRef = FBA45BD82BF21240007E0935 /* SwiftyJSON */; };
		FBA45BDC2BF23F6D007E0935 /* MessagesViewModel.swift in Sources */ = {isa = PBXBuildFile; fileRef = FBA45BDB2BF23F6D007E0935 /* MessagesViewModel.swift */; };
		FBA45BDE2BF30103007E0935 /* SendMsgPanelView.swift in Sources */ = {isa = PBXBuildFile; fileRef = FBA45BDD2BF30103007E0935 /* SendMsgPanelView.swift */; };
		FBA45BE12BF3030F007E0935 /* MarkdownUI in Frameworks */ = {isa = PBXBuildFile; productRef = FBA45BE02BF3030F007E0935 /* MarkdownUI */; };
		FBA45BE32BF3334D007E0935 /* ChatListViewModel.swift in Sources */ = {isa = PBXBuildFile; fileRef = FBA45BE22BF3334D007E0935 /* ChatListViewModel.swift */; };
		FBA45BEB2BF3614D007E0935 /* RealmModel.swift in Sources */ = {isa = PBXBuildFile; fileRef = FBA45BEA2BF3614D007E0935 /* RealmModel.swift */; };
		FBA45BEE2BF436C3007E0935 /* RealmSwift in Frameworks */ = {isa = PBXBuildFile; productRef = FBA45BED2BF436C3007E0935 /* RealmSwift */; };
		FBA45BEF2BF436C3007E0935 /* RealmSwift in Embed Frameworks */ = {isa = PBXBuildFile; productRef = FBA45BED2BF436C3007E0935 /* RealmSwift */; settings = {ATTRIBUTES = (CodeSignOnCopy, ); }; };
		FBA45BF52BF58D05007E0935 /* CommonViewModel.swift in Sources */ = {isa = PBXBuildFile; fileRef = FBA45BF42BF58D05007E0935 /* CommonViewModel.swift */; };
		FBA45BF72BF58DC6007E0935 /* PreferredResponseLangModel.swift in Sources */ = {isa = PBXBuildFile; fileRef = FBA45BF62BF58DC6007E0935 /* PreferredResponseLangModel.swift */; };
		FBA45BF92BF627D8007E0935 /* Metal.framework in Frameworks */ = {isa = PBXBuildFile; fileRef = FBA45BF82BF627D8007E0935 /* Metal.framework */; };
		FBD459452C855FBD000BE5C1 /* ApiHostModel.swift in Sources */ = {isa = PBXBuildFile; fileRef = FBD459442C855FBD000BE5C1 /* ApiHostModel.swift */; };
		FBD459472C86B680000BE5C1 /* GroqApi.swift in Sources */ = {isa = PBXBuildFile; fileRef = FBD459462C86B680000BE5C1 /* GroqApi.swift */; };
		FBD4948E2BFD92CA009AFAC1 /* RightTopBarView.swift in Sources */ = {isa = PBXBuildFile; fileRef = FBD4948D2BFD92CA009AFAC1 /* RightTopBarView.swift */; };
		FBDF8C532C0775DC00BED237 /* OllamaLibraryModalView.swift in Sources */ = {isa = PBXBuildFile; fileRef = FBDF8C522C0775DC00BED237 /* OllamaLibraryModalView.swift */; };
		FBEF6E4F2D431812001C9AB6 /* OllamaHostConfigModalView.swift in Sources */ = {isa = PBXBuildFile; fileRef = FBEF6E4E2D431807001C9AB6 /* OllamaHostConfigModalView.swift */; };
		FBEFBE512C9D077600B93648 /* HttpProxyConfigPanelView.swift in Sources */ = {isa = PBXBuildFile; fileRef = FBEFBE502C9D077600B93648 /* HttpProxyConfigPanelView.swift */; };
		FBF304822C8C1C5100C91CB4 /* GroqApiKeyConfigModalView.swift in Sources */ = {isa = PBXBuildFile; fileRef = FBF304812C8C1C5100C91CB4 /* GroqApiKeyConfigModalView.swift */; };
		FBF304842C8EAB9A00C91CB4 /* GroqModel.swift in Sources */ = {isa = PBXBuildFile; fileRef = FBF304832C8EAB9A00C91CB4 /* GroqModel.swift */; };
/* End PBXBuildFile section */

/* Begin PBXContainerItemProxy section */
		FB0FC7F32BEF165A007E4EB9 /* PBXContainerItemProxy */ = {
			isa = PBXContainerItemProxy;
			containerPortal = FB0FC7D92BEF1657007E4EB9 /* Project object */;
			proxyType = 1;
			remoteGlobalIDString = FB0FC7E02BEF1657007E4EB9;
			remoteInfo = OllamaSpring;
		};
		FB0FC7FD2BEF165A007E4EB9 /* PBXContainerItemProxy */ = {
			isa = PBXContainerItemProxy;
			containerPortal = FB0FC7D92BEF1657007E4EB9 /* Project object */;
			proxyType = 1;
			remoteGlobalIDString = FB0FC7E02BEF1657007E4EB9;
			remoteInfo = OllamaSpring;
		};
/* End PBXContainerItemProxy section */

/* Begin PBXCopyFilesBuildPhase section */
		FBA45BF02BF436C3007E0935 /* Embed Frameworks */ = {
			isa = PBXCopyFilesBuildPhase;
			buildActionMask = 2147483647;
			dstPath = "";
			dstSubfolderSpec = 10;
			files = (
				FBA45BEF2BF436C3007E0935 /* RealmSwift in Embed Frameworks */,
			);
			name = "Embed Frameworks";
			runOnlyForDeploymentPostprocessing = 0;
		};
/* End PBXCopyFilesBuildPhase section */

/* Begin PBXFileReference section */
		FB0FC7E12BEF1657007E4EB9 /* OllamaSpring.app */ = {isa = PBXFileReference; explicitFileType = wrapper.application; includeInIndex = 0; path = OllamaSpring.app; sourceTree = BUILT_PRODUCTS_DIR; };
		FB0FC7E42BEF1657007E4EB9 /* OllamaSpringApp.swift */ = {isa = PBXFileReference; lastKnownFileType = sourcecode.swift; path = OllamaSpringApp.swift; sourceTree = "<group>"; };
		FB0FC7E82BEF165A007E4EB9 /* Assets.xcassets */ = {isa = PBXFileReference; lastKnownFileType = folder.assetcatalog; path = Assets.xcassets; sourceTree = "<group>"; };
		FB0FC7EB2BEF165A007E4EB9 /* Preview Assets.xcassets */ = {isa = PBXFileReference; lastKnownFileType = folder.assetcatalog; path = "Preview Assets.xcassets"; sourceTree = "<group>"; };
		FB0FC7ED2BEF165A007E4EB9 /* OllamaSpring.entitlements */ = {isa = PBXFileReference; lastKnownFileType = text.plist.entitlements; path = OllamaSpring.entitlements; sourceTree = "<group>"; };
		FB0FC7F22BEF165A007E4EB9 /* OllamaSpringTests.xctest */ = {isa = PBXFileReference; explicitFileType = wrapper.cfbundle; includeInIndex = 0; path = OllamaSpringTests.xctest; sourceTree = BUILT_PRODUCTS_DIR; };
		FB0FC7F62BEF165A007E4EB9 /* OllamaSpringTests.swift */ = {isa = PBXFileReference; lastKnownFileType = sourcecode.swift; path = OllamaSpringTests.swift; sourceTree = "<group>"; };
		FB0FC7FC2BEF165A007E4EB9 /* OllamaSpringUITests.xctest */ = {isa = PBXFileReference; explicitFileType = wrapper.cfbundle; includeInIndex = 0; path = OllamaSpringUITests.xctest; sourceTree = BUILT_PRODUCTS_DIR; };
		FB0FC8002BEF165A007E4EB9 /* OllamaSpringUITests.swift */ = {isa = PBXFileReference; lastKnownFileType = sourcecode.swift; path = OllamaSpringUITests.swift; sourceTree = "<group>"; };
		FB0FC8022BEF165A007E4EB9 /* OllamaSpringUITestsLaunchTests.swift */ = {isa = PBXFileReference; lastKnownFileType = sourcecode.swift; path = OllamaSpringUITestsLaunchTests.swift; sourceTree = "<group>"; };
		FB0FC8112BEF487F007E4EB9 /* MainPanelView.swift */ = {isa = PBXFileReference; lastKnownFileType = sourcecode.swift; path = MainPanelView.swift; sourceTree = "<group>"; };
		FB1642E12BFDDDF800161BB1 /* OllamaSpringRelease.entitlements */ = {isa = PBXFileReference; lastKnownFileType = text.plist.entitlements; path = OllamaSpringRelease.entitlements; sourceTree = "<group>"; };
		FB2FB9FA2C0619F900621595 /* CheckForUpdatesViewModel.swift */ = {isa = PBXFileReference; lastKnownFileType = sourcecode.swift; path = CheckForUpdatesViewModel.swift; sourceTree = "<group>"; };
		FB2FB9FC2C061B1300621595 /* CheckForUpdatesView.swift */ = {isa = PBXFileReference; lastKnownFileType = sourcecode.swift; path = CheckForUpdatesView.swift; sourceTree = "<group>"; };
		FB340CA02BFDB45800DD5C3C /* Info.plist */ = {isa = PBXFileReference; lastKnownFileType = text.plist; path = Info.plist; sourceTree = "<group>"; };
		FB65CFDE2BF7238700E1EA88 /* OllamaModel.swift */ = {isa = PBXFileReference; lastKnownFileType = sourcecode.swift; path = OllamaModel.swift; sourceTree = "<group>"; };
		FB65CFE02BF7241000E1EA88 /* Constant.swift */ = {isa = PBXFileReference; lastKnownFileType = sourcecode.swift; path = Constant.swift; sourceTree = "<group>"; };
		FB65CFE22BF7A83F00E1EA88 /* common.swift */ = {isa = PBXFileReference; lastKnownFileType = sourcecode.swift; path = common.swift; sourceTree = "<group>"; };
		FB65CFE42BF82AAB00E1EA88 /* OllamaDownloadViewModel.swift */ = {isa = PBXFileReference; lastKnownFileType = sourcecode.swift; path = OllamaDownloadViewModel.swift; sourceTree = "<group>"; };
		FB65CFE62BF8798C00E1EA88 /* OllamaLocalModelListRowView.swift */ = {isa = PBXFileReference; lastKnownFileType = sourcecode.swift; path = OllamaLocalModelListRowView.swift; sourceTree = "<group>"; };
		FB65CFE92BF9851900E1EA88 /* ConfirmModalView.swift */ = {isa = PBXFileReference; lastKnownFileType = sourcecode.swift; path = ConfirmModalView.swift; sourceTree = "<group>"; };
		FB68CEB42D32035A00C5A495 /* OllamaSpringModelsApi.swift */ = {isa = PBXFileReference; lastKnownFileType = sourcecode.swift; path = OllamaSpringModelsApi.swift; sourceTree = "<group>"; };
		FB9871682C198F3F000A4808 /* OptionsModel.swift */ = {isa = PBXFileReference; lastKnownFileType = sourcecode.swift; path = OptionsModel.swift; sourceTree = "<group>"; };
		FB98716C2C1C47BF000A4808 /* AppDelegate.swift */ = {isa = PBXFileReference; lastKnownFileType = sourcecode.swift; path = AppDelegate.swift; sourceTree = "<group>"; };
		FB98716E2C1C4A8F000A4808 /* StatusBarView.swift */ = {isa = PBXFileReference; lastKnownFileType = sourcecode.swift; path = StatusBarView.swift; sourceTree = "<group>"; };
		FB9871702C280CD0000A4808 /* QuickCompletionPanelView.swift */ = {isa = PBXFileReference; lastKnownFileType = sourcecode.swift; path = QuickCompletionPanelView.swift; sourceTree = "<group>"; };
		FB9871732C281814000A4808 /* extension.swift */ = {isa = PBXFileReference; lastKnownFileType = sourcecode.swift; path = extension.swift; sourceTree = "<group>"; };
		FB9871752C281881000A4808 /* custom.swift */ = {isa = PBXFileReference; lastKnownFileType = sourcecode.swift; path = custom.swift; sourceTree = "<group>"; };
		FB9871772C293877000A4808 /* QuickCompletionViewModel.swift */ = {isa = PBXFileReference; lastKnownFileType = sourcecode.swift; path = QuickCompletionViewModel.swift; sourceTree = "<group>"; };
		FBA45BC32BF0D6E5007E0935 /* WelcomePanelView.swift */ = {isa = PBXFileReference; lastKnownFileType = sourcecode.swift; path = WelcomePanelView.swift; sourceTree = "<group>"; };
		FBA45BC62BF19115007E0935 /* ChatModel.swift */ = {isa = PBXFileReference; lastKnownFileType = sourcecode.swift; path = ChatModel.swift; sourceTree = "<group>"; };
		FBA45BCA2BF196D0007E0935 /* ChatListRowView.swift */ = {isa = PBXFileReference; lastKnownFileType = sourcecode.swift; path = ChatListRowView.swift; sourceTree = "<group>"; };
		FBA45BCC2BF1AB14007E0935 /* MessagesPanelView.swift */ = {isa = PBXFileReference; lastKnownFileType = sourcecode.swift; path = MessagesPanelView.swift; sourceTree = "<group>"; };
		FBA45BCE2BF1AC51007E0935 /* MessageModel.swift */ = {isa = PBXFileReference; lastKnownFileType = sourcecode.swift; path = MessageModel.swift; sourceTree = "<group>"; };
		FBA45BD02BF1C2B5007E0935 /* MessagesRowView.swift */ = {isa = PBXFileReference; lastKnownFileType = sourcecode.swift; path = MessagesRowView.swift; sourceTree = "<group>"; };
		FBA45BD22BF20258007E0935 /* ChatListPanelView.swift */ = {isa = PBXFileReference; lastKnownFileType = sourcecode.swift; path = ChatListPanelView.swift; sourceTree = "<group>"; };
		FBA45BD52BF20B48007E0935 /* OllamaApi.swift */ = {isa = PBXFileReference; lastKnownFileType = sourcecode.swift; path = OllamaApi.swift; sourceTree = "<group>"; };
		FBA45BDB2BF23F6D007E0935 /* MessagesViewModel.swift */ = {isa = PBXFileReference; lastKnownFileType = sourcecode.swift; path = MessagesViewModel.swift; sourceTree = "<group>"; };
		FBA45BDD2BF30103007E0935 /* SendMsgPanelView.swift */ = {isa = PBXFileReference; lastKnownFileType = sourcecode.swift; path = SendMsgPanelView.swift; sourceTree = "<group>"; };
		FBA45BE22BF3334D007E0935 /* ChatListViewModel.swift */ = {isa = PBXFileReference; lastKnownFileType = sourcecode.swift; path = ChatListViewModel.swift; sourceTree = "<group>"; };
		FBA45BEA2BF3614D007E0935 /* RealmModel.swift */ = {isa = PBXFileReference; lastKnownFileType = sourcecode.swift; path = RealmModel.swift; sourceTree = "<group>"; };
		FBA45BF42BF58D05007E0935 /* CommonViewModel.swift */ = {isa = PBXFileReference; lastKnownFileType = sourcecode.swift; path = CommonViewModel.swift; sourceTree = "<group>"; };
		FBA45BF62BF58DC6007E0935 /* PreferredResponseLangModel.swift */ = {isa = PBXFileReference; lastKnownFileType = sourcecode.swift; path = PreferredResponseLangModel.swift; sourceTree = "<group>"; };
		FBA45BF82BF627D8007E0935 /* Metal.framework */ = {isa = PBXFileReference; lastKnownFileType = wrapper.framework; name = Metal.framework; path = System/Library/Frameworks/Metal.framework; sourceTree = SDKROOT; };
		FBD459442C855FBD000BE5C1 /* ApiHostModel.swift */ = {isa = PBXFileReference; lastKnownFileType = sourcecode.swift; path = ApiHostModel.swift; sourceTree = "<group>"; };
		FBD459462C86B680000BE5C1 /* GroqApi.swift */ = {isa = PBXFileReference; lastKnownFileType = sourcecode.swift; path = GroqApi.swift; sourceTree = "<group>"; };
		FBD4948D2BFD92CA009AFAC1 /* RightTopBarView.swift */ = {isa = PBXFileReference; lastKnownFileType = sourcecode.swift; path = RightTopBarView.swift; sourceTree = "<group>"; };
		FBDF8C522C0775DC00BED237 /* OllamaLibraryModalView.swift */ = {isa = PBXFileReference; lastKnownFileType = sourcecode.swift; path = OllamaLibraryModalView.swift; sourceTree = "<group>"; };
		FBEF6E4E2D431807001C9AB6 /* OllamaHostConfigModalView.swift */ = {isa = PBXFileReference; lastKnownFileType = sourcecode.swift; path = OllamaHostConfigModalView.swift; sourceTree = "<group>"; };
		FBEFBE502C9D077600B93648 /* HttpProxyConfigPanelView.swift */ = {isa = PBXFileReference; lastKnownFileType = sourcecode.swift; path = HttpProxyConfigPanelView.swift; sourceTree = "<group>"; };
		FBF304812C8C1C5100C91CB4 /* GroqApiKeyConfigModalView.swift */ = {isa = PBXFileReference; lastKnownFileType = sourcecode.swift; path = GroqApiKeyConfigModalView.swift; sourceTree = "<group>"; };
		FBF304832C8EAB9A00C91CB4 /* GroqModel.swift */ = {isa = PBXFileReference; lastKnownFileType = sourcecode.swift; path = GroqModel.swift; sourceTree = "<group>"; };
/* End PBXFileReference section */

/* Begin PBXFrameworksBuildPhase section */
		FB0FC7DE2BEF1657007E4EB9 /* Frameworks */ = {
			isa = PBXFrameworksBuildPhase;
			buildActionMask = 2147483647;
			files = (
				FB2FB9F92C06197C00621595 /* Sparkle in Frameworks */,
				FBA45BEE2BF436C3007E0935 /* RealmSwift in Frameworks */,
				FBA45BD92BF21240007E0935 /* SwiftyJSON in Frameworks */,
				FBA45BF92BF627D8007E0935 /* Metal.framework in Frameworks */,
				FBA45BE12BF3030F007E0935 /* MarkdownUI in Frameworks */,
			);
			runOnlyForDeploymentPostprocessing = 0;
		};
		FB0FC7EF2BEF165A007E4EB9 /* Frameworks */ = {
			isa = PBXFrameworksBuildPhase;
			buildActionMask = 2147483647;
			files = (
			);
			runOnlyForDeploymentPostprocessing = 0;
		};
		FB0FC7F92BEF165A007E4EB9 /* Frameworks */ = {
			isa = PBXFrameworksBuildPhase;
			buildActionMask = 2147483647;
			files = (
			);
			runOnlyForDeploymentPostprocessing = 0;
		};
/* End PBXFrameworksBuildPhase section */

/* Begin PBXGroup section */
		FB0FC7D82BEF1657007E4EB9 = {
			isa = PBXGroup;
			children = (
				FB0FC7E32BEF1657007E4EB9 /* OllamaSpring */,
				FB0FC7F52BEF165A007E4EB9 /* OllamaSpringTests */,
				FB0FC7FF2BEF165A007E4EB9 /* OllamaSpringUITests */,
				FB0FC7E22BEF1657007E4EB9 /* Products */,
				FBA45BEC2BF436C3007E0935 /* Frameworks */,
			);
			sourceTree = "<group>";
		};
		FB0FC7E22BEF1657007E4EB9 /* Products */ = {
			isa = PBXGroup;
			children = (
				FB0FC7E12BEF1657007E4EB9 /* OllamaSpring.app */,
				FB0FC7F22BEF165A007E4EB9 /* OllamaSpringTests.xctest */,
				FB0FC7FC2BEF165A007E4EB9 /* OllamaSpringUITests.xctest */,
			);
			name = Products;
			sourceTree = "<group>";
		};
		FB0FC7E32BEF1657007E4EB9 /* OllamaSpring */ = {
			isa = PBXGroup;
			children = (
				FB1642E12BFDDDF800161BB1 /* OllamaSpringRelease.entitlements */,
				FB340CA02BFDB45800DD5C3C /* Info.plist */,
				FBA45BF12BF51871007E0935 /* Utilities */,
				FBA45BE92BF36114007E0935 /* Database */,
				FBA45BDA2BF23E7F007E0935 /* ViewModel */,
				FBA45BD42BF20AFF007E0935 /* Network */,
				FBA45BC52BF1906A007E0935 /* Model */,
				FB0FC80F2BEF4812007E4EB9 /* View */,
				FB0FC7E42BEF1657007E4EB9 /* OllamaSpringApp.swift */,
				FB0FC7E82BEF165A007E4EB9 /* Assets.xcassets */,
				FB0FC7ED2BEF165A007E4EB9 /* OllamaSpring.entitlements */,
				FB0FC7EA2BEF165A007E4EB9 /* Preview Content */,
				FB65CFE02BF7241000E1EA88 /* Constant.swift */,
				FB98716C2C1C47BF000A4808 /* AppDelegate.swift */,
			);
			path = OllamaSpring;
			sourceTree = "<group>";
		};
		FB0FC7EA2BEF165A007E4EB9 /* Preview Content */ = {
			isa = PBXGroup;
			children = (
				FB0FC7EB2BEF165A007E4EB9 /* Preview Assets.xcassets */,
			);
			path = "Preview Content";
			sourceTree = "<group>";
		};
		FB0FC7F52BEF165A007E4EB9 /* OllamaSpringTests */ = {
			isa = PBXGroup;
			children = (
				FB0FC7F62BEF165A007E4EB9 /* OllamaSpringTests.swift */,
			);
			path = OllamaSpringTests;
			sourceTree = "<group>";
		};
		FB0FC7FF2BEF165A007E4EB9 /* OllamaSpringUITests */ = {
			isa = PBXGroup;
			children = (
				FB0FC8002BEF165A007E4EB9 /* OllamaSpringUITests.swift */,
				FB0FC8022BEF165A007E4EB9 /* OllamaSpringUITestsLaunchTests.swift */,
			);
			path = OllamaSpringUITests;
			sourceTree = "<group>";
		};
		FB0FC80F2BEF4812007E4EB9 /* View */ = {
			isa = PBXGroup;
			children = (
				FBD4948C2BFD927D009AFAC1 /* Menu */,
				FB65CFE82BF984FB00E1EA88 /* Modal */,
				FBA45BC92BF1947A007E0935 /* ScrollViewRow */,
				FBA45BC82BF19467007E0935 /* Panel */,
				FB9871732C281814000A4808 /* extension.swift */,
				FB9871752C281881000A4808 /* custom.swift */,
			);
			path = View;
			sourceTree = "<group>";
		};
		FB65CFE82BF984FB00E1EA88 /* Modal */ = {
			isa = PBXGroup;
			children = (
				FBEF6E4E2D431807001C9AB6 /* OllamaHostConfigModalView.swift */,
				FB65CFE92BF9851900E1EA88 /* ConfirmModalView.swift */,
				FBDF8C522C0775DC00BED237 /* OllamaLibraryModalView.swift */,
				FBF304812C8C1C5100C91CB4 /* GroqApiKeyConfigModalView.swift */,
			);
			path = Modal;
			sourceTree = "<group>";
		};
		FBA45BC52BF1906A007E0935 /* Model */ = {
			isa = PBXGroup;
			children = (
				FBA45BC62BF19115007E0935 /* ChatModel.swift */,
				FBA45BCE2BF1AC51007E0935 /* MessageModel.swift */,
				FBA45BF62BF58DC6007E0935 /* PreferredResponseLangModel.swift */,
				FB65CFDE2BF7238700E1EA88 /* OllamaModel.swift */,
				FB9871682C198F3F000A4808 /* OptionsModel.swift */,
				FBD459442C855FBD000BE5C1 /* ApiHostModel.swift */,
				FBF304832C8EAB9A00C91CB4 /* GroqModel.swift */,
			);
			path = Model;
			sourceTree = "<group>";
		};
		FBA45BC82BF19467007E0935 /* Panel */ = {
			isa = PBXGroup;
			children = (
				FB0FC8112BEF487F007E4EB9 /* MainPanelView.swift */,
				FBA45BC32BF0D6E5007E0935 /* WelcomePanelView.swift */,
				FBA45BCC2BF1AB14007E0935 /* MessagesPanelView.swift */,
				FBA45BD22BF20258007E0935 /* ChatListPanelView.swift */,
				FBA45BDD2BF30103007E0935 /* SendMsgPanelView.swift */,
				FB9871702C280CD0000A4808 /* QuickCompletionPanelView.swift */,
				FBEFBE502C9D077600B93648 /* HttpProxyConfigPanelView.swift */,
			);
			path = Panel;
			sourceTree = "<group>";
		};
		FBA45BC92BF1947A007E0935 /* ScrollViewRow */ = {
			isa = PBXGroup;
			children = (
				FBA45BCA2BF196D0007E0935 /* ChatListRowView.swift */,
				FBA45BD02BF1C2B5007E0935 /* MessagesRowView.swift */,
				FB65CFE62BF8798C00E1EA88 /* OllamaLocalModelListRowView.swift */,
			);
			path = ScrollViewRow;
			sourceTree = "<group>";
		};
		FBA45BD42BF20AFF007E0935 /* Network */ = {
			isa = PBXGroup;
			children = (
				FB68CEB42D32035A00C5A495 /* OllamaSpringModelsApi.swift */,
				FBA45BD52BF20B48007E0935 /* OllamaApi.swift */,
				FBD459462C86B680000BE5C1 /* GroqApi.swift */,
			);
			path = Network;
			sourceTree = "<group>";
		};
		FBA45BDA2BF23E7F007E0935 /* ViewModel */ = {
			isa = PBXGroup;
			children = (
				FBA45BDB2BF23F6D007E0935 /* MessagesViewModel.swift */,
				FBA45BE22BF3334D007E0935 /* ChatListViewModel.swift */,
				FBA45BF42BF58D05007E0935 /* CommonViewModel.swift */,
				FB65CFE42BF82AAB00E1EA88 /* OllamaDownloadViewModel.swift */,
				FB2FB9FA2C0619F900621595 /* CheckForUpdatesViewModel.swift */,
				FB9871772C293877000A4808 /* QuickCompletionViewModel.swift */,
			);
			path = ViewModel;
			sourceTree = "<group>";
		};
		FBA45BE92BF36114007E0935 /* Database */ = {
			isa = PBXGroup;
			children = (
				FBA45BEA2BF3614D007E0935 /* RealmModel.swift */,
			);
			path = Database;
			sourceTree = "<group>";
		};
		FBA45BEC2BF436C3007E0935 /* Frameworks */ = {
			isa = PBXGroup;
			children = (
				FBA45BF82BF627D8007E0935 /* Metal.framework */,
			);
			name = Frameworks;
			sourceTree = "<group>";
		};
		FBA45BF12BF51871007E0935 /* Utilities */ = {
			isa = PBXGroup;
			children = (
				FB65CFE22BF7A83F00E1EA88 /* common.swift */,
			);
			path = Utilities;
			sourceTree = "<group>";
		};
		FBD4948C2BFD927D009AFAC1 /* Menu */ = {
			isa = PBXGroup;
			children = (
				FBD4948D2BFD92CA009AFAC1 /* RightTopBarView.swift */,
				FB2FB9FC2C061B1300621595 /* CheckForUpdatesView.swift */,
				FB98716E2C1C4A8F000A4808 /* StatusBarView.swift */,
			);
			path = Menu;
			sourceTree = "<group>";
		};
/* End PBXGroup section */

/* Begin PBXNativeTarget section */
		FB0FC7E02BEF1657007E4EB9 /* OllamaSpring */ = {
			isa = PBXNativeTarget;
			buildConfigurationList = FB0FC8062BEF165A007E4EB9 /* Build configuration list for PBXNativeTarget "OllamaSpring" */;
			buildPhases = (
				FB0FC7DD2BEF1657007E4EB9 /* Sources */,
				FB0FC7DE2BEF1657007E4EB9 /* Frameworks */,
				FB0FC7DF2BEF1657007E4EB9 /* Resources */,
				FBA45BF02BF436C3007E0935 /* Embed Frameworks */,
			);
			buildRules = (
			);
			dependencies = (
			);
			name = OllamaSpring;
			packageProductDependencies = (
				FBA45BD82BF21240007E0935 /* SwiftyJSON */,
				FBA45BE02BF3030F007E0935 /* MarkdownUI */,
				FBA45BED2BF436C3007E0935 /* RealmSwift */,
				FB2FB9F82C06197C00621595 /* Sparkle */,
			);
			productName = OllamaSpring;
			productReference = FB0FC7E12BEF1657007E4EB9 /* OllamaSpring.app */;
			productType = "com.apple.product-type.application";
		};
		FB0FC7F12BEF165A007E4EB9 /* OllamaSpringTests */ = {
			isa = PBXNativeTarget;
			buildConfigurationList = FB0FC8092BEF165A007E4EB9 /* Build configuration list for PBXNativeTarget "OllamaSpringTests" */;
			buildPhases = (
				FB0FC7EE2BEF165A007E4EB9 /* Sources */,
				FB0FC7EF2BEF165A007E4EB9 /* Frameworks */,
				FB0FC7F02BEF165A007E4EB9 /* Resources */,
			);
			buildRules = (
			);
			dependencies = (
				FB0FC7F42BEF165A007E4EB9 /* PBXTargetDependency */,
			);
			name = OllamaSpringTests;
			productName = OllamaSpringTests;
			productReference = FB0FC7F22BEF165A007E4EB9 /* OllamaSpringTests.xctest */;
			productType = "com.apple.product-type.bundle.unit-test";
		};
		FB0FC7FB2BEF165A007E4EB9 /* OllamaSpringUITests */ = {
			isa = PBXNativeTarget;
			buildConfigurationList = FB0FC80C2BEF165A007E4EB9 /* Build configuration list for PBXNativeTarget "OllamaSpringUITests" */;
			buildPhases = (
				FB0FC7F82BEF165A007E4EB9 /* Sources */,
				FB0FC7F92BEF165A007E4EB9 /* Frameworks */,
				FB0FC7FA2BEF165A007E4EB9 /* Resources */,
			);
			buildRules = (
			);
			dependencies = (
				FB0FC7FE2BEF165A007E4EB9 /* PBXTargetDependency */,
			);
			name = OllamaSpringUITests;
			productName = OllamaSpringUITests;
			productReference = FB0FC7FC2BEF165A007E4EB9 /* OllamaSpringUITests.xctest */;
			productType = "com.apple.product-type.bundle.ui-testing";
		};
/* End PBXNativeTarget section */

/* Begin PBXProject section */
		FB0FC7D92BEF1657007E4EB9 /* Project object */ = {
			isa = PBXProject;
			attributes = {
				BuildIndependentTargetsInParallel = 1;
				LastSwiftUpdateCheck = 1530;
				LastUpgradeCheck = 1620;
				TargetAttributes = {
					FB0FC7E02BEF1657007E4EB9 = {
						CreatedOnToolsVersion = 15.3;
					};
					FB0FC7F12BEF165A007E4EB9 = {
						CreatedOnToolsVersion = 15.3;
						TestTargetID = FB0FC7E02BEF1657007E4EB9;
					};
					FB0FC7FB2BEF165A007E4EB9 = {
						CreatedOnToolsVersion = 15.3;
						TestTargetID = FB0FC7E02BEF1657007E4EB9;
					};
				};
			};
			buildConfigurationList = FB0FC7DC2BEF1657007E4EB9 /* Build configuration list for PBXProject "OllamaSpring" */;
			compatibilityVersion = "Xcode 14.0";
			developmentRegion = en;
			hasScannedForEncodings = 0;
			knownRegions = (
				en,
				Base,
			);
			mainGroup = FB0FC7D82BEF1657007E4EB9;
			packageReferences = (
				FBA45BD72BF21240007E0935 /* XCRemoteSwiftPackageReference "SwiftyJSON" */,
				FBA45BDF2BF3030F007E0935 /* XCRemoteSwiftPackageReference "swift-markdown-ui" */,
				FBA45BE42BF34F67007E0935 /* XCRemoteSwiftPackageReference "realm-swift" */,
				FB2FB9F72C06197C00621595 /* XCRemoteSwiftPackageReference "Sparkle" */,
			);
			productRefGroup = FB0FC7E22BEF1657007E4EB9 /* Products */;
			projectDirPath = "";
			projectRoot = "";
			targets = (
				FB0FC7E02BEF1657007E4EB9 /* OllamaSpring */,
				FB0FC7F12BEF165A007E4EB9 /* OllamaSpringTests */,
				FB0FC7FB2BEF165A007E4EB9 /* OllamaSpringUITests */,
			);
		};
/* End PBXProject section */

/* Begin PBXResourcesBuildPhase section */
		FB0FC7DF2BEF1657007E4EB9 /* Resources */ = {
			isa = PBXResourcesBuildPhase;
			buildActionMask = 2147483647;
			files = (
				FB0FC7EC2BEF165A007E4EB9 /* Preview Assets.xcassets in Resources */,
				FB0FC7E92BEF165A007E4EB9 /* Assets.xcassets in Resources */,
			);
			runOnlyForDeploymentPostprocessing = 0;
		};
		FB0FC7F02BEF165A007E4EB9 /* Resources */ = {
			isa = PBXResourcesBuildPhase;
			buildActionMask = 2147483647;
			files = (
			);
			runOnlyForDeploymentPostprocessing = 0;
		};
		FB0FC7FA2BEF165A007E4EB9 /* Resources */ = {
			isa = PBXResourcesBuildPhase;
			buildActionMask = 2147483647;
			files = (
			);
			runOnlyForDeploymentPostprocessing = 0;
		};
/* End PBXResourcesBuildPhase section */

/* Begin PBXSourcesBuildPhase section */
		FB0FC7DD2BEF1657007E4EB9 /* Sources */ = {
			isa = PBXSourcesBuildPhase;
			buildActionMask = 2147483647;
			files = (
				FBA45BDC2BF23F6D007E0935 /* MessagesViewModel.swift in Sources */,
				FBA45BEB2BF3614D007E0935 /* RealmModel.swift in Sources */,
				FB9871762C281881000A4808 /* custom.swift in Sources */,
				FB0FC7E52BEF1657007E4EB9 /* OllamaSpringApp.swift in Sources */,
				FBEFBE512C9D077600B93648 /* HttpProxyConfigPanelView.swift in Sources */,
				FBEF6E4F2D431812001C9AB6 /* OllamaHostConfigModalView.swift in Sources */,
				FB65CFE72BF8798C00E1EA88 /* OllamaLocalModelListRowView.swift in Sources */,
				FB98716D2C1C47BF000A4808 /* AppDelegate.swift in Sources */,
				FBD459472C86B680000BE5C1 /* GroqApi.swift in Sources */,
				FB0FC8122BEF487F007E4EB9 /* MainPanelView.swift in Sources */,
				FBF304822C8C1C5100C91CB4 /* GroqApiKeyConfigModalView.swift in Sources */,
				FBA45BE32BF3334D007E0935 /* ChatListViewModel.swift in Sources */,
				FBA45BF52BF58D05007E0935 /* CommonViewModel.swift in Sources */,
				FB98716F2C1C4A8F000A4808 /* StatusBarView.swift in Sources */,
				FB65CFE52BF82AAB00E1EA88 /* OllamaDownloadViewModel.swift in Sources */,
				FBF304842C8EAB9A00C91CB4 /* GroqModel.swift in Sources */,
				FBD4948E2BFD92CA009AFAC1 /* RightTopBarView.swift in Sources */,
				FBD459452C855FBD000BE5C1 /* ApiHostModel.swift in Sources */,
				FBA45BD62BF20B48007E0935 /* OllamaApi.swift in Sources */,
				FBA45BF72BF58DC6007E0935 /* PreferredResponseLangModel.swift in Sources */,
				FB9871782C293877000A4808 /* QuickCompletionViewModel.swift in Sources */,
				FB68CEB52D32035A00C5A495 /* OllamaSpringModelsApi.swift in Sources */,
				FBA45BCF2BF1AC51007E0935 /* MessageModel.swift in Sources */,
				FBA45BDE2BF30103007E0935 /* SendMsgPanelView.swift in Sources */,
				FB65CFDF2BF7238700E1EA88 /* OllamaModel.swift in Sources */,
				FB65CFE12BF7241000E1EA88 /* Constant.swift in Sources */,
				FB9871742C281814000A4808 /* extension.swift in Sources */,
				FB9871712C280CD0000A4808 /* QuickCompletionPanelView.swift in Sources */,
				FBA45BD32BF20258007E0935 /* ChatListPanelView.swift in Sources */,
				FB2FB9FB2C0619F900621595 /* CheckForUpdatesViewModel.swift in Sources */,
				FB65CFE32BF7A83F00E1EA88 /* common.swift in Sources */,
				FBDF8C532C0775DC00BED237 /* OllamaLibraryModalView.swift in Sources */,
				FBA45BD12BF1C2B5007E0935 /* MessagesRowView.swift in Sources */,
				FBA45BCB2BF196D0007E0935 /* ChatListRowView.swift in Sources */,
				FBA45BCD2BF1AB14007E0935 /* MessagesPanelView.swift in Sources */,
				FB65CFEA2BF9851900E1EA88 /* ConfirmModalView.swift in Sources */,
				FB9871692C198F3F000A4808 /* OptionsModel.swift in Sources */,
				FBA45BC42BF0D6E5007E0935 /* WelcomePanelView.swift in Sources */,
				FB2FB9FD2C061B1300621595 /* CheckForUpdatesView.swift in Sources */,
				FBA45BC72BF19115007E0935 /* ChatModel.swift in Sources */,
			);
			runOnlyForDeploymentPostprocessing = 0;
		};
		FB0FC7EE2BEF165A007E4EB9 /* Sources */ = {
			isa = PBXSourcesBuildPhase;
			buildActionMask = 2147483647;
			files = (
				FB0FC7F72BEF165A007E4EB9 /* OllamaSpringTests.swift in Sources */,
			);
			runOnlyForDeploymentPostprocessing = 0;
		};
		FB0FC7F82BEF165A007E4EB9 /* Sources */ = {
			isa = PBXSourcesBuildPhase;
			buildActionMask = 2147483647;
			files = (
				FB0FC8012BEF165A007E4EB9 /* OllamaSpringUITests.swift in Sources */,
				FB0FC8032BEF165A007E4EB9 /* OllamaSpringUITestsLaunchTests.swift in Sources */,
			);
			runOnlyForDeploymentPostprocessing = 0;
		};
/* End PBXSourcesBuildPhase section */

/* Begin PBXTargetDependency section */
		FB0FC7F42BEF165A007E4EB9 /* PBXTargetDependency */ = {
			isa = PBXTargetDependency;
			target = FB0FC7E02BEF1657007E4EB9 /* OllamaSpring */;
			targetProxy = FB0FC7F32BEF165A007E4EB9 /* PBXContainerItemProxy */;
		};
		FB0FC7FE2BEF165A007E4EB9 /* PBXTargetDependency */ = {
			isa = PBXTargetDependency;
			target = FB0FC7E02BEF1657007E4EB9 /* OllamaSpring */;
			targetProxy = FB0FC7FD2BEF165A007E4EB9 /* PBXContainerItemProxy */;
		};
/* End PBXTargetDependency section */

/* Begin XCBuildConfiguration section */
		FB0FC8042BEF165A007E4EB9 /* Debug */ = {
			isa = XCBuildConfiguration;
			buildSettings = {
				ALWAYS_SEARCH_USER_PATHS = NO;
				ASSETCATALOG_COMPILER_GENERATE_SWIFT_ASSET_SYMBOL_EXTENSIONS = YES;
				CLANG_ANALYZER_NONNULL = YES;
				CLANG_ANALYZER_NUMBER_OBJECT_CONVERSION = YES_AGGRESSIVE;
				CLANG_CXX_LANGUAGE_STANDARD = "gnu++20";
				CLANG_ENABLE_MODULES = YES;
				CLANG_ENABLE_OBJC_ARC = YES;
				CLANG_ENABLE_OBJC_WEAK = YES;
				CLANG_WARN_BLOCK_CAPTURE_AUTORELEASING = YES;
				CLANG_WARN_BOOL_CONVERSION = YES;
				CLANG_WARN_COMMA = YES;
				CLANG_WARN_CONSTANT_CONVERSION = YES;
				CLANG_WARN_DEPRECATED_OBJC_IMPLEMENTATIONS = YES;
				CLANG_WARN_DIRECT_OBJC_ISA_USAGE = YES_ERROR;
				CLANG_WARN_DOCUMENTATION_COMMENTS = YES;
				CLANG_WARN_EMPTY_BODY = YES;
				CLANG_WARN_ENUM_CONVERSION = YES;
				CLANG_WARN_INFINITE_RECURSION = YES;
				CLANG_WARN_INT_CONVERSION = YES;
				CLANG_WARN_NON_LITERAL_NULL_CONVERSION = YES;
				CLANG_WARN_OBJC_IMPLICIT_RETAIN_SELF = YES;
				CLANG_WARN_OBJC_LITERAL_CONVERSION = YES;
				CLANG_WARN_OBJC_ROOT_CLASS = YES_ERROR;
				CLANG_WARN_QUOTED_INCLUDE_IN_FRAMEWORK_HEADER = YES;
				CLANG_WARN_RANGE_LOOP_ANALYSIS = YES;
				CLANG_WARN_STRICT_PROTOTYPES = YES;
				CLANG_WARN_SUSPICIOUS_MOVE = YES;
				CLANG_WARN_UNGUARDED_AVAILABILITY = YES_AGGRESSIVE;
				CLANG_WARN_UNREACHABLE_CODE = YES;
				CLANG_WARN__DUPLICATE_METHOD_MATCH = YES;
				COPY_PHASE_STRIP = NO;
				DEAD_CODE_STRIPPING = YES;
				DEBUG_INFORMATION_FORMAT = dwarf;
				ENABLE_STRICT_OBJC_MSGSEND = YES;
				ENABLE_TESTABILITY = YES;
				ENABLE_USER_SCRIPT_SANDBOXING = NO;
				GCC_C_LANGUAGE_STANDARD = gnu17;
				GCC_DYNAMIC_NO_PIC = NO;
				GCC_NO_COMMON_BLOCKS = YES;
				GCC_OPTIMIZATION_LEVEL = 0;
				GCC_PREPROCESSOR_DEFINITIONS = (
					"DEBUG=1",
					"$(inherited)",
				);
				GCC_WARN_64_TO_32_BIT_CONVERSION = YES;
				GCC_WARN_ABOUT_RETURN_TYPE = YES_ERROR;
				GCC_WARN_UNDECLARED_SELECTOR = YES;
				GCC_WARN_UNINITIALIZED_AUTOS = YES_AGGRESSIVE;
				GCC_WARN_UNUSED_FUNCTION = YES;
				GCC_WARN_UNUSED_VARIABLE = YES;
				INFOPLIST_KEY_LSApplicationCategoryType = "public.app-category.utilities";
				LOCALIZATION_PREFERS_STRING_CATALOGS = YES;
				MACOSX_DEPLOYMENT_TARGET = 14.0;
				MTL_ENABLE_DEBUG_INFO = INCLUDE_SOURCE;
				MTL_FAST_MATH = YES;
				ONLY_ACTIVE_ARCH = YES;
				SDKROOT = macosx;
				SWIFT_ACTIVE_COMPILATION_CONDITIONS = "DEBUG $(inherited)";
				SWIFT_OPTIMIZATION_LEVEL = "-Onone";
			};
			name = Debug;
		};
		FB0FC8052BEF165A007E4EB9 /* Release */ = {
			isa = XCBuildConfiguration;
			buildSettings = {
				ALWAYS_SEARCH_USER_PATHS = NO;
				ASSETCATALOG_COMPILER_GENERATE_SWIFT_ASSET_SYMBOL_EXTENSIONS = YES;
				CLANG_ANALYZER_NONNULL = YES;
				CLANG_ANALYZER_NUMBER_OBJECT_CONVERSION = YES_AGGRESSIVE;
				CLANG_CXX_LANGUAGE_STANDARD = "gnu++20";
				CLANG_ENABLE_MODULES = YES;
				CLANG_ENABLE_OBJC_ARC = YES;
				CLANG_ENABLE_OBJC_WEAK = YES;
				CLANG_WARN_BLOCK_CAPTURE_AUTORELEASING = YES;
				CLANG_WARN_BOOL_CONVERSION = YES;
				CLANG_WARN_COMMA = YES;
				CLANG_WARN_CONSTANT_CONVERSION = YES;
				CLANG_WARN_DEPRECATED_OBJC_IMPLEMENTATIONS = YES;
				CLANG_WARN_DIRECT_OBJC_ISA_USAGE = YES_ERROR;
				CLANG_WARN_DOCUMENTATION_COMMENTS = YES;
				CLANG_WARN_EMPTY_BODY = YES;
				CLANG_WARN_ENUM_CONVERSION = YES;
				CLANG_WARN_INFINITE_RECURSION = YES;
				CLANG_WARN_INT_CONVERSION = YES;
				CLANG_WARN_NON_LITERAL_NULL_CONVERSION = YES;
				CLANG_WARN_OBJC_IMPLICIT_RETAIN_SELF = YES;
				CLANG_WARN_OBJC_LITERAL_CONVERSION = YES;
				CLANG_WARN_OBJC_ROOT_CLASS = YES_ERROR;
				CLANG_WARN_QUOTED_INCLUDE_IN_FRAMEWORK_HEADER = YES;
				CLANG_WARN_RANGE_LOOP_ANALYSIS = YES;
				CLANG_WARN_STRICT_PROTOTYPES = YES;
				CLANG_WARN_SUSPICIOUS_MOVE = YES;
				CLANG_WARN_UNGUARDED_AVAILABILITY = YES_AGGRESSIVE;
				CLANG_WARN_UNREACHABLE_CODE = YES;
				CLANG_WARN__DUPLICATE_METHOD_MATCH = YES;
				COPY_PHASE_STRIP = NO;
				DEAD_CODE_STRIPPING = YES;
				DEBUG_INFORMATION_FORMAT = "dwarf-with-dsym";
				ENABLE_NS_ASSERTIONS = NO;
				ENABLE_STRICT_OBJC_MSGSEND = YES;
				ENABLE_USER_SCRIPT_SANDBOXING = NO;
				GCC_C_LANGUAGE_STANDARD = gnu17;
				GCC_NO_COMMON_BLOCKS = YES;
				GCC_WARN_64_TO_32_BIT_CONVERSION = YES;
				GCC_WARN_ABOUT_RETURN_TYPE = YES_ERROR;
				GCC_WARN_UNDECLARED_SELECTOR = YES;
				GCC_WARN_UNINITIALIZED_AUTOS = YES_AGGRESSIVE;
				GCC_WARN_UNUSED_FUNCTION = YES;
				GCC_WARN_UNUSED_VARIABLE = YES;
				INFOPLIST_KEY_LSApplicationCategoryType = "public.app-category.utilities";
				LOCALIZATION_PREFERS_STRING_CATALOGS = YES;
				MACOSX_DEPLOYMENT_TARGET = 14.0;
				MTL_ENABLE_DEBUG_INFO = NO;
				MTL_FAST_MATH = YES;
				SDKROOT = macosx;
				SWIFT_COMPILATION_MODE = wholemodule;
			};
			name = Release;
		};
		FB0FC8072BEF165A007E4EB9 /* Debug */ = {
			isa = XCBuildConfiguration;
			buildSettings = {
				ASSETCATALOG_COMPILER_APPICON_NAME = AppIcon;
				ASSETCATALOG_COMPILER_GLOBAL_ACCENT_COLOR_NAME = AccentColor;
				ASSETCATALOG_COMPILER_INCLUDE_ALL_APPICON_ASSETS = YES;
				CODE_SIGN_ENTITLEMENTS = OllamaSpring/OllamaSpring.entitlements;
				CODE_SIGN_STYLE = Automatic;
				COMBINE_HIDPI_IMAGES = YES;
				CURRENT_PROJECT_VERSION = 23;
				DEAD_CODE_STRIPPING = YES;
				DEVELOPMENT_ASSET_PATHS = "\"OllamaSpring/Preview Content\"";
				DEVELOPMENT_TEAM = C5C6Y7S9E3;
				ENABLE_APP_SANDBOX = NO;
				ENABLE_HARDENED_RUNTIME = YES;
				ENABLE_PREVIEWS = YES;
				ENABLE_USER_SCRIPT_SANDBOXING = NO;
				GENERATE_INFOPLIST_FILE = YES;
				INFOPLIST_FILE = OllamaSpring/Info.plist;
				INFOPLIST_KEY_CFBundleDisplayName = OllamaSpring;
				INFOPLIST_KEY_LSApplicationCategoryType = "public.app-category.utilities";
				INFOPLIST_KEY_NSHumanReadableCopyright = "";
				LD_RUNPATH_SEARCH_PATHS = (
					"$(inherited)",
					"@executable_path/../Frameworks",
				);
				MARKETING_VERSION = 1.2.4;
				PRODUCT_BUNDLE_IDENTIFIER = com.neil.dev.studio.OllamaSpring;
				PRODUCT_NAME = "$(TARGET_NAME)";
				SWIFT_EMIT_LOC_STRINGS = YES;
				SWIFT_VERSION = 5.0;
			};
			name = Debug;
		};
		FB0FC8082BEF165A007E4EB9 /* Release */ = {
			isa = XCBuildConfiguration;
			buildSettings = {
				ASSETCATALOG_COMPILER_APPICON_NAME = AppIcon;
				ASSETCATALOG_COMPILER_GLOBAL_ACCENT_COLOR_NAME = AccentColor;
				ASSETCATALOG_COMPILER_INCLUDE_ALL_APPICON_ASSETS = YES;
				CODE_SIGN_ENTITLEMENTS = OllamaSpring/OllamaSpringRelease.entitlements;
				"CODE_SIGN_IDENTITY[sdk=macosx*]" = "Apple Development";
				CODE_SIGN_STYLE = Automatic;
				COMBINE_HIDPI_IMAGES = YES;
				CURRENT_PROJECT_VERSION = 23;
				DEAD_CODE_STRIPPING = YES;
				DEVELOPMENT_ASSET_PATHS = "\"OllamaSpring/Preview Content\"";
				DEVELOPMENT_TEAM = C5C6Y7S9E3;
				ENABLE_APP_SANDBOX = NO;
				ENABLE_HARDENED_RUNTIME = YES;
				ENABLE_PREVIEWS = YES;
				ENABLE_USER_SCRIPT_SANDBOXING = NO;
				GENERATE_INFOPLIST_FILE = YES;
				INFOPLIST_FILE = OllamaSpring/Info.plist;
				INFOPLIST_KEY_CFBundleDisplayName = OllamaSpring;
				INFOPLIST_KEY_LSApplicationCategoryType = "public.app-category.utilities";
				INFOPLIST_KEY_NSHumanReadableCopyright = "";
				LD_RUNPATH_SEARCH_PATHS = (
					"$(inherited)",
					"@executable_path/../Frameworks",
				);
				MARKETING_VERSION = 1.2.4;
				PRODUCT_BUNDLE_IDENTIFIER = com.neil.dev.studio.OllamaSpring;
				PRODUCT_NAME = "$(TARGET_NAME)";
				SWIFT_EMIT_LOC_STRINGS = YES;
				SWIFT_VERSION = 5.0;
			};
			name = Release;
		};
		FB0FC80A2BEF165A007E4EB9 /* Debug */ = {
			isa = XCBuildConfiguration;
			buildSettings = {
				BUNDLE_LOADER = "$(TEST_HOST)";
				CODE_SIGN_STYLE = Automatic;
				CURRENT_PROJECT_VERSION = 1;
				DEAD_CODE_STRIPPING = YES;
				DEVELOPMENT_TEAM = C5C6Y7S9E3;
				GENERATE_INFOPLIST_FILE = YES;
				MACOSX_DEPLOYMENT_TARGET = 14.0;
				MARKETING_VERSION = 1.0;
				PRODUCT_BUNDLE_IDENTIFIER = com.neil.dev.studio.OllamaSpringTests;
				PRODUCT_NAME = "$(TARGET_NAME)";
				SWIFT_EMIT_LOC_STRINGS = NO;
				SWIFT_VERSION = 5.0;
				TEST_HOST = "$(BUILT_PRODUCTS_DIR)/OllamaSpring.app/$(BUNDLE_EXECUTABLE_FOLDER_PATH)/OllamaSpring";
			};
			name = Debug;
		};
		FB0FC80B2BEF165A007E4EB9 /* Release */ = {
			isa = XCBuildConfiguration;
			buildSettings = {
				BUNDLE_LOADER = "$(TEST_HOST)";
				CODE_SIGN_STYLE = Automatic;
				CURRENT_PROJECT_VERSION = 1;
				DEAD_CODE_STRIPPING = YES;
				DEVELOPMENT_TEAM = C5C6Y7S9E3;
				GENERATE_INFOPLIST_FILE = YES;
				MACOSX_DEPLOYMENT_TARGET = 14.0;
				MARKETING_VERSION = 1.0;
				PRODUCT_BUNDLE_IDENTIFIER = com.neil.dev.studio.OllamaSpringTests;
				PRODUCT_NAME = "$(TARGET_NAME)";
				SWIFT_EMIT_LOC_STRINGS = NO;
				SWIFT_VERSION = 5.0;
				TEST_HOST = "$(BUILT_PRODUCTS_DIR)/OllamaSpring.app/$(BUNDLE_EXECUTABLE_FOLDER_PATH)/OllamaSpring";
			};
			name = Release;
		};
		FB0FC80D2BEF165A007E4EB9 /* Debug */ = {
			isa = XCBuildConfiguration;
			buildSettings = {
				CODE_SIGN_STYLE = Automatic;
				CURRENT_PROJECT_VERSION = 1;
				DEAD_CODE_STRIPPING = YES;
				DEVELOPMENT_TEAM = C5C6Y7S9E3;
				GENERATE_INFOPLIST_FILE = YES;
				MARKETING_VERSION = 1.0;
				PRODUCT_BUNDLE_IDENTIFIER = com.neil.dev.studio.OllamaSpringUITests;
				PRODUCT_NAME = "$(TARGET_NAME)";
				SWIFT_EMIT_LOC_STRINGS = NO;
				SWIFT_VERSION = 5.0;
				TEST_TARGET_NAME = OllamaSpring;
			};
			name = Debug;
		};
		FB0FC80E2BEF165A007E4EB9 /* Release */ = {
			isa = XCBuildConfiguration;
			buildSettings = {
				CODE_SIGN_STYLE = Automatic;
				CURRENT_PROJECT_VERSION = 1;
				DEAD_CODE_STRIPPING = YES;
				DEVELOPMENT_TEAM = C5C6Y7S9E3;
				GENERATE_INFOPLIST_FILE = YES;
				MARKETING_VERSION = 1.0;
				PRODUCT_BUNDLE_IDENTIFIER = com.neil.dev.studio.OllamaSpringUITests;
				PRODUCT_NAME = "$(TARGET_NAME)";
				SWIFT_EMIT_LOC_STRINGS = NO;
				SWIFT_VERSION = 5.0;
				TEST_TARGET_NAME = OllamaSpring;
			};
			name = Release;
		};
/* End XCBuildConfiguration section */

/* Begin XCConfigurationList section */
		FB0FC7DC2BEF1657007E4EB9 /* Build configuration list for PBXProject "OllamaSpring" */ = {
			isa = XCConfigurationList;
			buildConfigurations = (
				FB0FC8042BEF165A007E4EB9 /* Debug */,
				FB0FC8052BEF165A007E4EB9 /* Release */,
			);
			defaultConfigurationIsVisible = 0;
			defaultConfigurationName = Release;
		};
		FB0FC8062BEF165A007E4EB9 /* Build configuration list for PBXNativeTarget "OllamaSpring" */ = {
			isa = XCConfigurationList;
			buildConfigurations = (
				FB0FC8072BEF165A007E4EB9 /* Debug */,
				FB0FC8082BEF165A007E4EB9 /* Release */,
			);
			defaultConfigurationIsVisible = 0;
			defaultConfigurationName = Release;
		};
		FB0FC8092BEF165A007E4EB9 /* Build configuration list for PBXNativeTarget "OllamaSpringTests" */ = {
			isa = XCConfigurationList;
			buildConfigurations = (
				FB0FC80A2BEF165A007E4EB9 /* Debug */,
				FB0FC80B2BEF165A007E4EB9 /* Release */,
			);
			defaultConfigurationIsVisible = 0;
			defaultConfigurationName = Release;
		};
		FB0FC80C2BEF165A007E4EB9 /* Build configuration list for PBXNativeTarget "OllamaSpringUITests" */ = {
			isa = XCConfigurationList;
			buildConfigurations = (
				FB0FC80D2BEF165A007E4EB9 /* Debug */,
				FB0FC80E2BEF165A007E4EB9 /* Release */,
			);
			defaultConfigurationIsVisible = 0;
			defaultConfigurationName = Release;
		};
/* End XCConfigurationList section */

/* Begin XCRemoteSwiftPackageReference section */
		FB2FB9F72C06197C00621595 /* XCRemoteSwiftPackageReference "Sparkle" */ = {
			isa = XCRemoteSwiftPackageReference;
			repositoryURL = "https://github.com/sparkle-project/Sparkle";
			requirement = {
				kind = upToNextMajorVersion;
				minimumVersion = 2.6.2;
			};
		};
		FBA45BD72BF21240007E0935 /* XCRemoteSwiftPackageReference "SwiftyJSON" */ = {
			isa = XCRemoteSwiftPackageReference;
			repositoryURL = "https://github.com/SwiftyJSON/SwiftyJSON";
			requirement = {
				branch = master;
				kind = branch;
			};
		};
		FBA45BDF2BF3030F007E0935 /* XCRemoteSwiftPackageReference "swift-markdown-ui" */ = {
			isa = XCRemoteSwiftPackageReference;
			repositoryURL = "https://github.com/gonzalezreal/swift-markdown-ui";
			requirement = {
				kind = upToNextMajorVersion;
				minimumVersion = 2.3.0;
			};
		};
		FBA45BE42BF34F67007E0935 /* XCRemoteSwiftPackageReference "realm-swift" */ = {
			isa = XCRemoteSwiftPackageReference;
			repositoryURL = "https://github.com/realm/realm-swift.git";
			requirement = {
				branch = master;
				kind = branch;
			};
		};
/* End XCRemoteSwiftPackageReference section */

/* Begin XCSwiftPackageProductDependency section */
		FB2FB9F82C06197C00621595 /* Sparkle */ = {
			isa = XCSwiftPackageProductDependency;
			package = FB2FB9F72C06197C00621595 /* XCRemoteSwiftPackageReference "Sparkle" */;
			productName = Sparkle;
		};
		FBA45BD82BF21240007E0935 /* SwiftyJSON */ = {
			isa = XCSwiftPackageProductDependency;
			package = FBA45BD72BF21240007E0935 /* XCRemoteSwiftPackageReference "SwiftyJSON" */;
			productName = SwiftyJSON;
		};
		FBA45BE02BF3030F007E0935 /* MarkdownUI */ = {
			isa = XCSwiftPackageProductDependency;
			package = FBA45BDF2BF3030F007E0935 /* XCRemoteSwiftPackageReference "swift-markdown-ui" */;
			productName = MarkdownUI;
		};
		FBA45BED2BF436C3007E0935 /* RealmSwift */ = {
			isa = XCSwiftPackageProductDependency;
			package = FBA45BE42BF34F67007E0935 /* XCRemoteSwiftPackageReference "realm-swift" */;
			productName = RealmSwift;
		};
/* End XCSwiftPackageProductDependency section */
	};
	rootObject = FB0FC7D92BEF1657007E4EB9 /* Project object */;
}
